
Microsoft Visual Studio Solution File, Format Version 12.00
# Visual Studio Version 16
VisualStudioVersion = 16.0.30204.135
MinimumVisualStudioVersion = 10.0.40219.1
Project("{FAE04EC0-301F-11D3-BF4B-00C04F79EFBC}") = "SoftDeleteQueryFilterExample", "SoftDeleteQueryFilterExample\SoftDeleteQueryFilterExample.csproj", "{21B6B667-44EC-414D-823A-544E16F0DC92}"
EndProject
Global
	GlobalSection(SolutionConfigurationPlatforms) = preSolution
		Debug|Any CPU = Debug|Any CPU
		Release|Any CPU = Release|Any CPU
	EndGlobalSection
	GlobalSection(ProjectConfigurationPlatforms) = postSolution
		{21B6B667-44EC-414D-823A-544E16F0DC92}.Debug|Any CPU.ActiveCfg = Debug|Any CPU
		{21B6B667-44EC-414D-823A-544E16F0DC92}.Debug|Any CPU.Build.0 = Debug|Any CPU
		{21B6B667-44EC-414D-823A-544E16F0DC92}.Release|Any CPU.ActiveCfg = Release|Any CPU
		{21B6B667-44EC-414D-823A-544E16F0DC92}.Release|Any CPU.Build.0 = Release|Any CPU
	EndGlobalSection
	GlobalSection(SolutionProperties) = preSolution
		HideSolutionNode = FALSE
	EndGlobalSection
	GlobalSection(ExtensibilityGlobals) = postSolution
		SolutionGuid = {9EA079D0-2339-4C45-AED6-03554AEEDE21}
	EndGlobalSection
EndGlobal
